
Microsoft Visual Studio Solution File, Format Version 12.00
# Visual Studio 15
Project("{FAE04EC0-301F-11D3-BF4B-00C04F79EFBC}") = "Assembly-CSharp", "Assembly-CSharp.csproj", "{53435EC1-E7CB-713B-26DD-43F418C0A323}"
EndProject
Project("{FAE04EC0-301F-11D3-BF4B-00C04F79EFBC}") = "Assembly-CSharp-firstpass", "Assembly-CSharp-firstpass.csproj", "{C40838D0-E3D2-3CC9-B5D4-CAA941B37D4B}"
EndProject
Global
	GlobalSection(SolutionConfigurationPlatforms) = preSolution
		Debug|Any CPU = Debug|Any CPU
		Release|Any CPU = Release|Any CPU
	EndGlobalSection
	GlobalSection(ProjectConfigurationPlatforms) = postSolution
		{53435EC1-E7CB-713B-26DD-43F418C0A323}.Debug|Any CPU.ActiveCfg = Debug|Any CPU
		{53435EC1-E7CB-713B-26DD-43F418C0A323}.Debug|Any CPU.Build.0 = Debug|Any CPU
		{53435EC1-E7CB-713B-26DD-43F418C0A323}.Release|Any CPU.ActiveCfg = Release|Any CPU
		{53435EC1-E7CB-713B-26DD-43F418C0A323}.Release|Any CPU.Build.0 = Release|Any CPU
		{C40838D0-E3D2-3CC9-B5D4-CAA941B37D4B}.Debug|Any CPU.ActiveCfg = Debug|Any CPU
		{C40838D0-E3D2-3CC9-B5D4-CAA941B37D4B}.Debug|Any CPU.Build.0 = Debug|Any CPU
		{C40838D0-E3D2-3CC9-B5D4-CAA941B37D4B}.Release|Any CPU.ActiveCfg = Release|Any CPU
		{C40838D0-E3D2-3CC9-B5D4-CAA941B37D4B}.Release|Any CPU.Build.0 = Release|Any CPU
	EndGlobalSection
	GlobalSection(SolutionProperties) = preSolution
		HideSolutionNode = FALSE
	EndGlobalSection
EndGlobal
